PODS:
  - Nimble (5.1.1)
  - Redux.swift (1.0.0)

DEPENDENCIES:
  - Nimble (~> 5.0)
  - Redux.swift (from `../`)

EXTERNAL SOURCES:
  Redux.swift:
    :path: "../"

SPEC CHECKSUMS:
  Nimble: 415e3aa3267e7bc2c96b05fa814ddea7bb686a29
  Redux.swift: cba8f43327a50527de4d10b804ff8544f5ef0450

PODFILE CHECKSUM: 2ad13369661b1caf1e74b9a35ae46c2965319067

COCOAPODS: 1.1.0.rc.2
